
Microsoft Visual Studio Solution File, Format Version 12.00
# Visual Studio Version 17
VisualStudioVersion = 17.0.31903.59
MinimumVisualStudioVersion = 10.0.40219.1
Project("{FAE04EC0-301F-11D3-BF4B-00C04F79EFBC}") = "MusicDatabase.Tests", "MusicDatabase.Tests\MusicDatabase.Tests.csproj", "{C355F613-2C4A-4E19-899C-FD24BECD61B5}"
EndProject
Project("{FAE04EC0-301F-11D3-BF4B-00C04F79EFBC}") = "MusicDatabase.Core", "MusicDatabase.Core\MusicDatabase.Core.csproj", "{06D47AF5-B65D-4982-9200-CC52B5F3E070}"
EndProject
Project("{FAE04EC0-301F-11D3-BF4B-00C04F79EFBC}") = "MusicDatabase.Api", "MusicDatabase.Api\MusicDatabase.Api.csproj", "{0079B79E-83A8-474C-BC59-A265D3B84798}"
EndProject
Project("{FAE04EC0-301F-11D3-BF4B-00C04F79EFBC}") = "MusicDatabase.Contracts", "MusicDatabase.Contracts\MusicDatabase.Contracts.csproj", "{8B3C650E-9E54-4716-8AF7-85492C17C442}"
EndProject
Project("{FAE04EC0-301F-11D3-BF4B-00C04F79EFBC}") = "MusicDatabase.Data", "MusicDatabase.Data\MusicDatabase.Data.csproj", "{F7435EF5-C15B-4E89-ACB7-8B08920F55A7}"
EndProject
Project("{FAE04EC0-301F-11D3-BF4B-00C04F79EFBC}") = "MusicDatabase.Common", "MusicDatabase.Common\MusicDatabase.Common.csproj", "{AEF165F3-991C-4F81-8069-524AF017405D}"
EndProject
Project("{FAE04EC0-301F-11D3-BF4B-00C04F79EFBC}") = "MusicDatabase.Domain", "MusicDatabase.Domain\MusicDatabase.Domain.csproj", "{3867B5A4-CC72-424E-82BE-AF2BEF4AEF3A}"
EndProject
Global
	GlobalSection(SolutionConfigurationPlatforms) = preSolution
		Debug|Any CPU = Debug|Any CPU
		Debug|x64 = Debug|x64
		Debug|x86 = Debug|x86
		Release|Any CPU = Release|Any CPU
		Release|x64 = Release|x64
		Release|x86 = Release|x86
	EndGlobalSection
	GlobalSection(ProjectConfigurationPlatforms) = postSolution
		{C355F613-2C4A-4E19-899C-FD24BECD61B5}.Debug|Any CPU.ActiveCfg = Debug|Any CPU
		{C355F613-2C4A-4E19-899C-FD24BECD61B5}.Debug|Any CPU.Build.0 = Debug|Any CPU
		{C355F613-2C4A-4E19-899C-FD24BECD61B5}.Debug|x64.ActiveCfg = Debug|Any CPU
		{C355F613-2C4A-4E19-899C-FD24BECD61B5}.Debug|x64.Build.0 = Debug|Any CPU
		{C355F613-2C4A-4E19-899C-FD24BECD61B5}.Debug|x86.ActiveCfg = Debug|Any CPU
		{C355F613-2C4A-4E19-899C-FD24BECD61B5}.Debug|x86.Build.0 = Debug|Any CPU
		{C355F613-2C4A-4E19-899C-FD24BECD61B5}.Release|Any CPU.ActiveCfg = Release|Any CPU
		{C355F613-2C4A-4E19-899C-FD24BECD61B5}.Release|Any CPU.Build.0 = Release|Any CPU
		{C355F613-2C4A-4E19-899C-FD24BECD61B5}.Release|x64.ActiveCfg = Release|Any CPU
		{C355F613-2C4A-4E19-899C-FD24BECD61B5}.Release|x64.Build.0 = Release|Any CPU
		{C355F613-2C4A-4E19-899C-FD24BECD61B5}.Release|x86.ActiveCfg = Release|Any CPU
		{C355F613-2C4A-4E19-899C-FD24BECD61B5}.Release|x86.Build.0 = Release|Any CPU
		{06D47AF5-B65D-4982-9200-CC52B5F3E070}.Debug|Any CPU.ActiveCfg = Debug|Any CPU
		{06D47AF5-B65D-4982-9200-CC52B5F3E070}.Debug|Any CPU.Build.0 = Debug|Any CPU
		{06D47AF5-B65D-4982-9200-CC52B5F3E070}.Debug|x64.ActiveCfg = Debug|Any CPU
		{06D47AF5-B65D-4982-9200-CC52B5F3E070}.Debug|x64.Build.0 = Debug|Any CPU
		{06D47AF5-B65D-4982-9200-CC52B5F3E070}.Debug|x86.ActiveCfg = Debug|Any CPU
		{06D47AF5-B65D-4982-9200-CC52B5F3E070}.Debug|x86.Build.0 = Debug|Any CPU
		{06D47AF5-B65D-4982-9200-CC52B5F3E070}.Release|Any CPU.ActiveCfg = Release|Any CPU
		{06D47AF5-B65D-4982-9200-CC52B5F3E070}.Release|Any CPU.Build.0 = Release|Any CPU
		{06D47AF5-B65D-4982-9200-CC52B5F3E070}.Release|x64.ActiveCfg = Release|Any CPU
		{06D47AF5-B65D-4982-9200-CC52B5F3E070}.Release|x64.Build.0 = Release|Any CPU
		{06D47AF5-B65D-4982-9200-CC52B5F3E070}.Release|x86.ActiveCfg = Release|Any CPU
		{06D47AF5-B65D-4982-9200-CC52B5F3E070}.Release|x86.Build.0 = Release|Any CPU
		{0079B79E-83A8-474C-BC59-A265D3B84798}.Debug|Any CPU.ActiveCfg = Debug|Any CPU
		{0079B79E-83A8-474C-BC59-A265D3B84798}.Debug|Any CPU.Build.0 = Debug|Any CPU
		{0079B79E-83A8-474C-BC59-A265D3B84798}.Debug|x64.ActiveCfg = Debug|Any CPU
		{0079B79E-83A8-474C-BC59-A265D3B84798}.Debug|x64.Build.0 = Debug|Any CPU
		{0079B79E-83A8-474C-BC59-A265D3B84798}.Debug|x86.ActiveCfg = Debug|Any CPU
		{0079B79E-83A8-474C-BC59-A265D3B84798}.Debug|x86.Build.0 = Debug|Any CPU
		{0079B79E-83A8-474C-BC59-A265D3B84798}.Release|Any CPU.ActiveCfg = Release|Any CPU
		{0079B79E-83A8-474C-BC59-A265D3B84798}.Release|Any CPU.Build.0 = Release|Any CPU
		{0079B79E-83A8-474C-BC59-A265D3B84798}.Release|x64.ActiveCfg = Release|Any CPU
		{0079B79E-83A8-474C-BC59-A265D3B84798}.Release|x64.Build.0 = Release|Any CPU
		{0079B79E-83A8-474C-BC59-A265D3B84798}.Release|x86.ActiveCfg = Release|Any CPU
		{0079B79E-83A8-474C-BC59-A265D3B84798}.Release|x86.Build.0 = Release|Any CPU
		{8B3C650E-9E54-4716-8AF7-85492C17C442}.Debug|Any CPU.ActiveCfg = Debug|Any CPU
		{8B3C650E-9E54-4716-8AF7-85492C17C442}.Debug|Any CPU.Build.0 = Debug|Any CPU
		{8B3C650E-9E54-4716-8AF7-85492C17C442}.Debug|x64.ActiveCfg = Debug|Any CPU
		{8B3C650E-9E54-4716-8AF7-85492C17C442}.Debug|x64.Build.0 = Debug|Any CPU
		{8B3C650E-9E54-4716-8AF7-85492C17C442}.Debug|x86.ActiveCfg = Debug|Any CPU
		{8B3C650E-9E54-4716-8AF7-85492C17C442}.Debug|x86.Build.0 = Debug|Any CPU
		{8B3C650E-9E54-4716-8AF7-85492C17C442}.Release|Any CPU.ActiveCfg = Release|Any CPU
		{8B3C650E-9E54-4716-8AF7-85492C17C442}.Release|Any CPU.Build.0 = Release|Any CPU
		{8B3C650E-9E54-4716-8AF7-85492C17C442}.Release|x64.ActiveCfg = Release|Any CPU
		{8B3C650E-9E54-4716-8AF7-85492C17C442}.Release|x64.Build.0 = Release|Any CPU
		{8B3C650E-9E54-4716-8AF7-85492C17C442}.Release|x86.ActiveCfg = Release|Any CPU
		{8B3C650E-9E54-4716-8AF7-85492C17C442}.Release|x86.Build.0 = Release|Any CPU
		{F7435EF5-C15B-4E89-ACB7-8B08920F55A7}.Debug|Any CPU.ActiveCfg = Debug|Any CPU
		{F7435EF5-C15B-4E89-ACB7-8B08920F55A7}.Debug|Any CPU.Build.0 = Debug|Any CPU
		{F7435EF5-C15B-4E89-ACB7-8B08920F55A7}.Debug|x64.ActiveCfg = Debug|Any CPU
		{F7435EF5-C15B-4E89-ACB7-8B08920F55A7}.Debug|x64.Build.0 = Debug|Any CPU
		{F7435EF5-C15B-4E89-ACB7-8B08920F55A7}.Debug|x86.ActiveCfg = Debug|Any CPU
		{F7435EF5-C15B-4E89-ACB7-8B08920F55A7}.Debug|x86.Build.0 = Debug|Any CPU
		{F7435EF5-C15B-4E89-ACB7-8B08920F55A7}.Release|Any CPU.ActiveCfg = Release|Any CPU
		{F7435EF5-C15B-4E89-ACB7-8B08920F55A7}.Release|Any CPU.Build.0 = Release|Any CPU
		{F7435EF5-C15B-4E89-ACB7-8B08920F55A7}.Release|x64.ActiveCfg = Release|Any CPU
		{F7435EF5-C15B-4E89-ACB7-8B08920F55A7}.Release|x64.Build.0 = Release|Any CPU
		{F7435EF5-C15B-4E89-ACB7-8B08920F55A7}.Release|x86.ActiveCfg = Release|Any CPU
		{F7435EF5-C15B-4E89-ACB7-8B08920F55A7}.Release|x86.Build.0 = Release|Any CPU
		{AEF165F3-991C-4F81-8069-524AF017405D}.Debug|Any CPU.ActiveCfg = Debug|Any CPU
		{AEF165F3-991C-4F81-8069-524AF017405D}.Debug|Any CPU.Build.0 = Debug|Any CPU
		{AEF165F3-991C-4F81-8069-524AF017405D}.Debug|x64.ActiveCfg = Debug|Any CPU
		{AEF165F3-991C-4F81-8069-524AF017405D}.Debug|x64.Build.0 = Debug|Any CPU
		{AEF165F3-991C-4F81-8069-524AF017405D}.Debug|x86.ActiveCfg = Debug|Any CPU
		{AEF165F3-991C-4F81-8069-524AF017405D}.Debug|x86.Build.0 = Debug|Any CPU
		{AEF165F3-991C-4F81-8069-524AF017405D}.Release|Any CPU.ActiveCfg = Release|Any CPU
		{AEF165F3-991C-4F81-8069-524AF017405D}.Release|Any CPU.Build.0 = Release|Any CPU
		{AEF165F3-991C-4F81-8069-524AF017405D}.Release|x64.ActiveCfg = Release|Any CPU
		{AEF165F3-991C-4F81-8069-524AF017405D}.Release|x64.Build.0 = Release|Any CPU
		{AEF165F3-991C-4F81-8069-524AF017405D}.Release|x86.ActiveCfg = Release|Any CPU
		{AEF165F3-991C-4F81-8069-524AF017405D}.Release|x86.Build.0 = Release|Any CPU
		{3867B5A4-CC72-424E-82BE-AF2BEF4AEF3A}.Debug|Any CPU.ActiveCfg = Debug|Any CPU
		{3867B5A4-CC72-424E-82BE-AF2BEF4AEF3A}.Debug|Any CPU.Build.0 = Debug|Any CPU
		{3867B5A4-CC72-424E-82BE-AF2BEF4AEF3A}.Debug|x64.ActiveCfg = Debug|Any CPU
		{3867B5A4-CC72-424E-82BE-AF2BEF4AEF3A}.Debug|x64.Build.0 = Debug|Any CPU
		{3867B5A4-CC72-424E-82BE-AF2BEF4AEF3A}.Debug|x86.ActiveCfg = Debug|Any CPU
		{3867B5A4-CC72-424E-82BE-AF2BEF4AEF3A}.Debug|x86.Build.0 = Debug|Any CPU
		{3867B5A4-CC72-424E-82BE-AF2BEF4AEF3A}.Release|Any CPU.ActiveCfg = Release|Any CPU
		{3867B5A4-CC72-424E-82BE-AF2BEF4AEF3A}.Release|Any CPU.Build.0 = Release|Any CPU
		{3867B5A4-CC72-424E-82BE-AF2BEF4AEF3A}.Release|x64.ActiveCfg = Release|Any CPU
		{3867B5A4-CC72-424E-82BE-AF2BEF4AEF3A}.Release|x64.Build.0 = Release|Any CPU
		{3867B5A4-CC72-424E-82BE-AF2BEF4AEF3A}.Release|x86.ActiveCfg = Release|Any CPU
		{3867B5A4-CC72-424E-82BE-AF2BEF4AEF3A}.Release|x86.Build.0 = Release|Any CPU
	EndGlobalSection
	GlobalSection(SolutionProperties) = preSolution
		HideSolutionNode = FALSE
	EndGlobalSection
EndGlobal
